
Microsoft Visual Studio Solution File, Format Version 12.00
# Visual Studio 2012
Project("{FAE04EC0-301F-11D3-BF4B-00C04F79EFBC}") = "ServerShop", "ServerShop\ServerShop.csproj", "{429B2EBE-287F-44D3-A043-A467BC243546}"
EndProject
Global
	GlobalSection(SolutionConfigurationPlatforms) = preSolution
		Debug|Any CPU = Debug|Any CPU
		Release|Any CPU = Release|Any CPU
	EndGlobalSection
	GlobalSection(ProjectConfigurationPlatforms) = postSolution
		{429B2EBE-287F-44D3-A043-A467BC243546}.Debug|Any CPU.ActiveCfg = Debug|Any CPU
		{429B2EBE-287F-44D3-A043-A467BC243546}.Debug|Any CPU.Build.0 = Debug|Any CPU
		{429B2EBE-287F-44D3-A043-A467BC243546}.Release|Any CPU.ActiveCfg = Release|Any CPU
		{429B2EBE-287F-44D3-A043-A467BC243546}.Release|Any CPU.Build.0 = Release|Any CPU
	EndGlobalSection
	GlobalSection(SolutionProperties) = preSolution
		HideSolutionNode = FALSE
	EndGlobalSection
EndGlobal
